
Microsoft Visual Studio Solution File, Format Version 11.00
# Visual Studio 2010
Project("{8BC9CEB8-8B4A-11D0-8D11-00A0C91BC942}") = "Supraincarcarea operatorilor", "Supraincarcarea operatorilor\Supraincarcarea operatorilor.vcxproj", "{93C6C2E6-0525-4D6D-84D7-751A5E2085A7}"
EndProject
Global
	GlobalSection(SolutionConfigurationPlatforms) = preSolution
		Debug|Win32 = Debug|Win32
		Release|Win32 = Release|Win32
	EndGlobalSection
	GlobalSection(ProjectConfigurationPlatforms) = postSolution
		{93C6C2E6-0525-4D6D-84D7-751A5E2085A7}.Debug|Win32.ActiveCfg = Debug|Win32
		{93C6C2E6-0525-4D6D-84D7-751A5E2085A7}.Debug|Win32.Build.0 = Debug|Win32
		{93C6C2E6-0525-4D6D-84D7-751A5E2085A7}.Release|Win32.ActiveCfg = Release|Win32
		{93C6C2E6-0525-4D6D-84D7-751A5E2085A7}.Release|Win32.Build.0 = Release|Win32
	EndGlobalSection
	GlobalSection(SolutionProperties) = preSolution
		HideSolutionNode = FALSE
	EndGlobalSection
EndGlobal
