
Microsoft Visual Studio Solution File, Format Version 11.00
# Visual Studio 2010
Project("{8BC9CEB8-8B4A-11D0-8D11-00A0C91BC942}") = "Tema M1U2 problema3", "Tema M1U2 problema3\Tema M1U2 problema3.vcxproj", "{0C4C393C-A958-4BDC-B621-381B86137EF9}"
EndProject
Global
	GlobalSection(SolutionConfigurationPlatforms) = preSolution
		Debug|Win32 = Debug|Win32
		Release|Win32 = Release|Win32
	EndGlobalSection
	GlobalSection(ProjectConfigurationPlatforms) = postSolution
		{0C4C393C-A958-4BDC-B621-381B86137EF9}.Debug|Win32.ActiveCfg = Debug|Win32
		{0C4C393C-A958-4BDC-B621-381B86137EF9}.Debug|Win32.Build.0 = Debug|Win32
		{0C4C393C-A958-4BDC-B621-381B86137EF9}.Release|Win32.ActiveCfg = Release|Win32
		{0C4C393C-A958-4BDC-B621-381B86137EF9}.Release|Win32.Build.0 = Release|Win32
	EndGlobalSection
	GlobalSection(SolutionProperties) = preSolution
		HideSolutionNode = FALSE
	EndGlobalSection
EndGlobal
