
Microsoft Visual Studio Solution File, Format Version 11.00
# Visual Studio 2010
Project("{8BC9CEB8-8B4A-11D0-8D11-00A0C91BC942}") = "Tema 3 - Automate finite deterministe", "Tema 3 - Automate finite deterministe\Tema 3 - Automate finite deterministe.vcxproj", "{93FB5B59-0EA2-4978-94DB-21B75887D9B2}"
EndProject
Global
	GlobalSection(SolutionConfigurationPlatforms) = preSolution
		Debug|Win32 = Debug|Win32
		Release|Win32 = Release|Win32
	EndGlobalSection
	GlobalSection(ProjectConfigurationPlatforms) = postSolution
		{93FB5B59-0EA2-4978-94DB-21B75887D9B2}.Debug|Win32.ActiveCfg = Debug|Win32
		{93FB5B59-0EA2-4978-94DB-21B75887D9B2}.Debug|Win32.Build.0 = Debug|Win32
		{93FB5B59-0EA2-4978-94DB-21B75887D9B2}.Release|Win32.ActiveCfg = Release|Win32
		{93FB5B59-0EA2-4978-94DB-21B75887D9B2}.Release|Win32.Build.0 = Release|Win32
	EndGlobalSection
	GlobalSection(SolutionProperties) = preSolution
		HideSolutionNode = FALSE
	EndGlobalSection
EndGlobal
