
Microsoft Visual Studio Solution File, Format Version 11.00
# Visual Studio 2010
Project("{8BC9CEB8-8B4A-11D0-8D11-00A0C91BC942}") = "Tema M1U1 problema1", "Tema M1U1 problema1\Tema M1U1 problema1.vcxproj", "{3D07DC96-E9D7-4961-91D2-1F34EFE3781B}"
EndProject
Global
	GlobalSection(SolutionConfigurationPlatforms) = preSolution
		Debug|Win32 = Debug|Win32
		Release|Win32 = Release|Win32
	EndGlobalSection
	GlobalSection(ProjectConfigurationPlatforms) = postSolution
		{3D07DC96-E9D7-4961-91D2-1F34EFE3781B}.Debug|Win32.ActiveCfg = Debug|Win32
		{3D07DC96-E9D7-4961-91D2-1F34EFE3781B}.Debug|Win32.Build.0 = Debug|Win32
		{3D07DC96-E9D7-4961-91D2-1F34EFE3781B}.Release|Win32.ActiveCfg = Release|Win32
		{3D07DC96-E9D7-4961-91D2-1F34EFE3781B}.Release|Win32.Build.0 = Release|Win32
	EndGlobalSection
	GlobalSection(SolutionProperties) = preSolution
		HideSolutionNode = FALSE
	EndGlobalSection
EndGlobal
